{
  "name": "MS",
  "lockfileVersion": 3,
  "requires": true,
  "packages": {
    "": {
      "dependencies": {
        "@coreui/angular": "^4.5.16",
        "@coreui/icons-angular": "^4.5.16",
        "@emailjs/browser": "^3.11.0",
        "ngx-lightbox": "^3.0.0"
      }
    },
    "node_modules/@angular/animations": {
      "version": "16.2.8",
      "resolved": "https://registry.npmjs.org/@angular/animations/-/animations-16.2.8.tgz",
      "integrity": "sha512-tjJID1eZORcC9N1f0JIcOzirv6D1q2q7y2S6h51WncJC5G9vOUpIOoOE3gmg0TH0FS41wJe/WfiQku3BuoMA9w==",
      "peer": true,
      "dependencies": {
        "tslib": "^2.3.0"
      },
      "engines": {
        "node": "^16.14.0 || >=18.10.0"
      },
      "peerDependencies": {
        "@angular/core": "16.2.8"
      }
    },
    "node_modules/@angular/cdk": {
      "version": "16.2.7",
      "resolved": "https://registry.npmjs.org/@angular/cdk/-/cdk-16.2.7.tgz",
      "integrity": "sha512-LLbCu0pHHsZWGjSpQW0qRoKYRCm09TuFH2vzsViyaQF7umDKlk52QcDFB/nMioyiWPgqXkyHyGMFG1vFBNSIeg==",
      "peer": true,
      "dependencies": {
        "tslib": "^2.3.0"
      },
      "optionalDependencies": {
        "parse5": "^7.1.2"
      },
      "peerDependencies": {
        "@angular/common": "^16.0.0 || ^17.0.0",
        "@angular/core": "^16.0.0 || ^17.0.0",
        "rxjs": "^6.5.3 || ^7.4.0"
      }
    },
    "node_modules/@angular/common": {
      "version": "16.2.8",
      "resolved": "https://registry.npmjs.org/@angular/common/-/common-16.2.8.tgz",
      "integrity": "sha512-0LZSBHnk9c6XPcrQx9D8i0DKi807IuiuOtK4kMa64aj1pySY3TK+uort5hqpmhgdqiCbBHZjgpRpU83LoTTl3w==",
      "peer": true,
      "dependencies": {
        "tslib": "^2.3.0"
      },
      "engines": {
        "node": "^16.14.0 || >=18.10.0"
      },
      "peerDependencies": {
        "@angular/core": "16.2.8",
        "rxjs": "^6.5.3 || ^7.4.0"
      }
    },
    "node_modules/@angular/core": {
      "version": "16.2.8",
      "resolved": "https://registry.npmjs.org/@angular/core/-/core-16.2.8.tgz",
      "integrity": "sha512-v3kwZsjf7mKBGMky+UfxV3iwA1BFy1c3gmjyHSPSll9TPr2jkfwstoB2Cc+wmS2S9ezHFAMX++XXRymKVRQzQg==",
      "peer": true,
      "dependencies": {
        "tslib": "^2.3.0"
      },
      "engines": {
        "node": "^16.14.0 || >=18.10.0"
      },
      "peerDependencies": {
        "rxjs": "^6.5.3 || ^7.4.0",
        "zone.js": "~0.13.0"
      }
    },
    "node_modules/@angular/platform-browser": {
      "version": "16.2.8",
      "resolved": "https://registry.npmjs.org/@angular/platform-browser/-/platform-browser-16.2.8.tgz",
      "integrity": "sha512-y0rt8HmnTjvZrqt+bKU5CnmaI7xQiRWIaLWpYXGgqcqqMDgMYwSm2lV3H6K6S1v0ut+Q+zIWj2rGjr8Apox34Q==",
      "peer": true,
      "dependencies": {
        "tslib": "^2.3.0"
      },
      "engines": {
        "node": "^16.14.0 || >=18.10.0"
      },
      "peerDependencies": {
        "@angular/animations": "16.2.8",
        "@angular/common": "16.2.8",
        "@angular/core": "16.2.8"
      },
      "peerDependenciesMeta": {
        "@angular/animations": {
          "optional": true
        }
      }
    },
    "node_modules/@angular/router": {
      "version": "16.2.8",
      "resolved": "https://registry.npmjs.org/@angular/router/-/router-16.2.8.tgz",
      "integrity": "sha512-mWpapabWtk8Qtyb2BalXtvud9m6BCiKg8moJNb8dEAGjDzMTWqWOr4zkFHoIFX+gj2JKKDa6btPWVD6J5K6Ojg==",
      "peer": true,
      "dependencies": {
        "tslib": "^2.3.0"
      },
      "engines": {
        "node": "^16.14.0 || >=18.10.0"
      },
      "peerDependencies": {
        "@angular/common": "16.2.8",
        "@angular/core": "16.2.8",
        "@angular/platform-browser": "16.2.8",
        "rxjs": "^6.5.3 || ^7.4.0"
      }
    },
    "node_modules/@coreui/angular": {
      "version": "4.5.16",
      "resolved": "https://registry.npmjs.org/@coreui/angular/-/angular-4.5.16.tgz",
      "integrity": "sha512-+8T0OP2gV1nmBmBRfDlvLcs9COsUvVwq+PKpn4+nGVdrLoBe0YLnEUEcI3P6NN4stVK21t/GLdR13it7nUIYbg==",
      "dependencies": {
        "@popperjs/core": "~2.11.6",
        "tslib": "^2.3.0"
      },
      "peerDependencies": {
        "@angular/animations": "^16.1.0",
        "@angular/cdk": "^16.1.0",
        "@angular/common": "^16.1.0",
        "@angular/core": "^16.1.0",
        "@angular/router": "^16.1.0",
        "rxjs": "^7.8.1"
      }
    },
    "node_modules/@coreui/icons": {
      "version": "3.0.1",
      "resolved": "https://registry.npmjs.org/@coreui/icons/-/icons-3.0.1.tgz",
      "integrity": "sha512-u9UKEcRMyY9pa4jUoLij8pAR03g5g6TLWV33/Mx2ix8sffyi0eO4fLV8DSTQljDCw938zt7KYog5cVKEAJUxxg==",
      "peer": true
    },
    "node_modules/@coreui/icons-angular": {
      "version": "4.5.16",
      "resolved": "https://registry.npmjs.org/@coreui/icons-angular/-/icons-angular-4.5.16.tgz",
      "integrity": "sha512-32zJnwiCDQSO9E12HehGiacrMrBYLAL4EsHz3I7F/7IYwiBu2UViDnpm4as/kkpsyRPLXdPAISp91i6vd8vz/w==",
      "dependencies": {
        "tslib": "^2.3.0"
      },
      "peerDependencies": {
        "@angular/common": "^16.1.0",
        "@angular/core": "^16.1.0",
        "@coreui/icons": "^2.1.0 || ^3.0.0"
      }
    },
    "node_modules/@emailjs/browser": {
      "version": "3.11.0",
      "resolved": "https://registry.npmjs.org/@emailjs/browser/-/browser-3.11.0.tgz",
      "integrity": "sha512-RkY3FKZ3fPdK++OeF46mRTFpmmQWCHUVHZH209P3NE4D5sg2Atg7S2wa3gw5062Gl4clt4Wn5SyC4WhlVZC5pA==",
      "engines": {
        "node": ">=14.0.0"
      }
    },
    "node_modules/@popperjs/core": {
      "version": "2.11.8",
      "resolved": "https://registry.npmjs.org/@popperjs/core/-/core-2.11.8.tgz",
      "integrity": "sha512-P1st0aksCrn9sGZhp8GMYwBnQsbvAWsZAX44oXNNvLHGqAOcoVxmjZiohstwQ7SqKnbR47akdNi+uleWD8+g6A==",
      "funding": {
        "type": "opencollective",
        "url": "https://opencollective.com/popperjs"
      }
    },
    "node_modules/@types/file-saver": {
      "version": "2.0.5",
      "resolved": "https://registry.npmjs.org/@types/file-saver/-/file-saver-2.0.5.tgz",
      "integrity": "sha512-zv9kNf3keYegP5oThGLaPk8E081DFDuwfqjtiTzm6PoxChdJ1raSuADf2YGCVIyrSynLrgc8JWv296s7Q7pQSQ==",
      "peer": true
    },
    "node_modules/entities": {
      "version": "4.5.0",
      "resolved": "https://registry.npmjs.org/entities/-/entities-4.5.0.tgz",
      "integrity": "sha512-V0hjH4dGPh9Ao5p0MoRY6BVqtwCjhz6vI5LT8AJ55H+4g9/4vbHx1I54fS0XuclLhDHArPQCiMjDxjaL8fPxhw==",
      "optional": true,
      "peer": true,
      "engines": {
        "node": ">=0.12"
      },
      "funding": {
        "url": "https://github.com/fb55/entities?sponsor=1"
      }
    },
    "node_modules/file-saver": {
      "version": "2.0.5",
      "resolved": "https://registry.npmjs.org/file-saver/-/file-saver-2.0.5.tgz",
      "integrity": "sha512-P9bmyZ3h/PRG+Nzga+rbdI4OEpNDzAVyy74uVO9ATgzLK6VtAsYybF/+TOCvrc0MO793d6+42lLyZTw7/ArVzA=="
    },
    "node_modules/ngx-filesaver": {
      "version": "14.0.0",
      "resolved": "https://registry.npmjs.org/ngx-filesaver/-/ngx-filesaver-14.0.0.tgz",
      "integrity": "sha512-YnSbruOprSpcXZiuhnJ+AannRnSqRWiL0HIlDdwPd48DZYpuU0BTvSNmFj5oFbwLA0RFoOv2EkgedW4k2DEpYA==",
      "dependencies": {
        "tslib": "^2.3.0"
      },
      "peerDependencies": {
        "@types/file-saver": "^2.0.0",
        "file-saver": "^2.0.0"
      }
    },
    "node_modules/ngx-lightbox": {
      "version": "3.0.0",
      "resolved": "https://registry.npmjs.org/ngx-lightbox/-/ngx-lightbox-3.0.0.tgz",
      "integrity": "sha512-gKLy0R3SbbzHkDnAINtT3HFC71XVd86+dkP3LBeKrvjngxB6wMABfY73fF5IGsu9HfKQUN2Ni2Nx6s12xNwXow==",
      "dependencies": {
        "file-saver": "^2.0.5",
        "ngx-filesaver": "14.0.0"
      }
    },
    "node_modules/parse5": {
      "version": "7.1.2",
      "resolved": "https://registry.npmjs.org/parse5/-/parse5-7.1.2.tgz",
      "integrity": "sha512-Czj1WaSVpaoj0wbhMzLmWD69anp2WH7FXMB9n1Sy8/ZFF9jolSQVMu1Ij5WIyGmcBmhk7EOndpO4mIpihVqAXw==",
      "optional": true,
      "peer": true,
      "dependencies": {
        "entities": "^4.4.0"
      },
      "funding": {
        "url": "https://github.com/inikulin/parse5?sponsor=1"
      }
    },
    "node_modules/rxjs": {
      "version": "7.8.1",
      "resolved": "https://registry.npmjs.org/rxjs/-/rxjs-7.8.1.tgz",
      "integrity": "sha512-AA3TVj+0A2iuIoQkWEK/tqFjBq2j+6PO6Y0zJcvzLAFhEFIO3HL0vls9hWLncZbAAbK0mar7oZ4V079I/qPMxg==",
      "peer": true,
      "dependencies": {
        "tslib": "^2.1.0"
      }
    },
    "node_modules/tslib": {
      "version": "2.6.2",
      "resolved": "https://registry.npmjs.org/tslib/-/tslib-2.6.2.tgz",
      "integrity": "sha512-AEYxH93jGFPn/a2iVAwW87VuUIkR1FVUKB77NwMF7nBTDkDrrT/Hpt/IrCJ0QXhW27jTBDcf5ZY7w6RiqTMw2Q=="
    },
    "node_modules/zone.js": {
      "version": "0.13.3",
      "resolved": "https://registry.npmjs.org/zone.js/-/zone.js-0.13.3.tgz",
      "integrity": "sha512-MKPbmZie6fASC/ps4dkmIhaT5eonHkEt6eAy80K42tAm0G2W+AahLJjbfi6X9NPdciOE9GRFTTM8u2IiF6O3ww==",
      "peer": true,
      "dependencies": {
        "tslib": "^2.3.0"
      }
    }
  }
}
